
Microsoft Visual Studio Solution File, Format Version 12.00
# Visual Studio Version 17
VisualStudioVersion = 17.0.32112.339
MinimumVisualStudioVersion = 10.0.40219.1
Project("{9A19103F-16F7-4668-BE54-9A1E7A4F7556}") = "ToDoDemo.Data", "ToDoDemo.Data\ToDoDemo.Data.csproj", "{35298D26-EED3-45A5-BEB9-9AE13B8942C4}"
EndProject
Project("{9A19103F-16F7-4668-BE54-9A1E7A4F7556}") = "ToDoDemo.Models", "ToDoDemo.Models\ToDoDemo.Models.csproj", "{6B2C334C-6523-431B-B586-109F38B1B4B1}"
EndProject
Project("{9A19103F-16F7-4668-BE54-9A1E7A4F7556}") = "ToDoDemo.UI", "ToDoDemo.UI\ToDoDemo.UI.csproj", "{1DC878C1-4F29-449E-AE41-EF251AF3E131}"
EndProject
Global
	GlobalSection(SolutionConfigurationPlatforms) = preSolution
		Debug|Any CPU = Debug|Any CPU
		Release|Any CPU = Release|Any CPU
	EndGlobalSection
	GlobalSection(ProjectConfigurationPlatforms) = postSolution
		{35298D26-EED3-45A5-BEB9-9AE13B8942C4}.Debug|Any CPU.ActiveCfg = Debug|Any CPU
		{35298D26-EED3-45A5-BEB9-9AE13B8942C4}.Debug|Any CPU.Build.0 = Debug|Any CPU
		{35298D26-EED3-45A5-BEB9-9AE13B8942C4}.Release|Any CPU.ActiveCfg = Release|Any CPU
		{35298D26-EED3-45A5-BEB9-9AE13B8942C4}.Release|Any CPU.Build.0 = Release|Any CPU
		{6B2C334C-6523-431B-B586-109F38B1B4B1}.Debug|Any CPU.ActiveCfg = Debug|Any CPU
		{6B2C334C-6523-431B-B586-109F38B1B4B1}.Debug|Any CPU.Build.0 = Debug|Any CPU
		{6B2C334C-6523-431B-B586-109F38B1B4B1}.Release|Any CPU.ActiveCfg = Release|Any CPU
		{6B2C334C-6523-431B-B586-109F38B1B4B1}.Release|Any CPU.Build.0 = Release|Any CPU
		{1DC878C1-4F29-449E-AE41-EF251AF3E131}.Debug|Any CPU.ActiveCfg = Debug|Any CPU
		{1DC878C1-4F29-449E-AE41-EF251AF3E131}.Debug|Any CPU.Build.0 = Debug|Any CPU
		{1DC878C1-4F29-449E-AE41-EF251AF3E131}.Release|Any CPU.ActiveCfg = Release|Any CPU
		{1DC878C1-4F29-449E-AE41-EF251AF3E131}.Release|Any CPU.Build.0 = Release|Any CPU
	EndGlobalSection
	GlobalSection(SolutionProperties) = preSolution
		HideSolutionNode = FALSE
	EndGlobalSection
	GlobalSection(ExtensibilityGlobals) = postSolution
		SolutionGuid = {510C36F6-9DCE-4784-8B86-C34D67CBEB44}
	EndGlobalSection
EndGlobal
